
Microsoft Visual Studio Solution File, Format Version 12.00
# Visual Studio 15
VisualStudioVersion = 15.0.28307.539
MinimumVisualStudioVersion = 10.0.40219.1
Project("{FAE04EC0-301F-11D3-BF4B-00C04F79EFBC}") = "ClinicaMed", "ClinicaMed\ClinicaMed.csproj", "{7C026333-BD8B-4424-B7C1-635C950AC93B}"
EndProject
Global
	GlobalSection(SolutionConfigurationPlatforms) = preSolution
		Debug|Any CPU = Debug|Any CPU
		Release|Any CPU = Release|Any CPU
	EndGlobalSection
	GlobalSection(ProjectConfigurationPlatforms) = postSolution
		{7C026333-BD8B-4424-B7C1-635C950AC93B}.Debug|Any CPU.ActiveCfg = Debug|Any CPU
		{7C026333-BD8B-4424-B7C1-635C950AC93B}.Debug|Any CPU.Build.0 = Debug|Any CPU
		{7C026333-BD8B-4424-B7C1-635C950AC93B}.Release|Any CPU.ActiveCfg = Release|Any CPU
		{7C026333-BD8B-4424-B7C1-635C950AC93B}.Release|Any CPU.Build.0 = Release|Any CPU
	EndGlobalSection
	GlobalSection(SolutionProperties) = preSolution
		HideSolutionNode = FALSE
	EndGlobalSection
	GlobalSection(ExtensibilityGlobals) = postSolution
		SolutionGuid = {2D1A8B85-7140-46C9-A640-61AB03C317CA}
	EndGlobalSection
	GlobalSection(TeamFoundationVersionControl) = preSolution
		SccNumberOfProjects = 1
		SccEnterpriseProvider = {4CA58AB2-18FA-4F8D-95D4-32DDF27D184C}
		SccTeamFoundationServer = http://10.10.20.62:8080/tfs/elsedigitalsolutions
		SccProjectUniqueName0 = ClinicaMed\\ClinicaMed.csproj
		SccProjectName0 = ClinicaMed
		SccAuxPath0 = http://10.10.20.62:8080/tfs/elsedigitalsolutions
		SccLocalPath0 = ClinicaMed
		SccProvider0 = {4CA58AB2-18FA-4F8D-95D4-32DDF27D184C}
	EndGlobalSection
EndGlobal
